hash: ff6ef036bb83a7f484583f15d2ef90bdc26b281779dec18d4f26272ab1478e37
updated: 2019-06-10T15:39:11.802109794+02:00
imports:
- name: github.com/jawher/mow.cli
  version: 33e2f99c7beda006afee6bb2e39e31e4ba4e9946
- name: github.com/stretchr/objx
  version: 35313a95ee26395aa17d366c71a2ccf788fa69b6
- name: github.com/stretchr/testify
  version: dab07ac62d4905d3e48d17dc549c684ac3b7c15a
  subpackages:
  - assert
- name: golang.org/x/crypto
  version: 1f22c0103821b9390939b6776727195525381532
  subpackages:
  - curve25519
  - ssh
  - ssh/agent
  - ssh/terminal
- name: golang.org/x/time
  version: 9d24e82272b4f38b78bc8cff74fa936d31ccd8ef
  subpackages:
  - rate
testImports: []
